PODS:
  - CTXTutorialEngine (1.0.0)

DEPENDENCIES:
  - CTXTutorialEngine (from `../../`)

EXTERNAL SOURCES:
  CTXTutorialEngine:
    :path: "../../"

SPEC CHECKSUMS:
  CTXTutorialEngine: 69faac76ed9f6ef9ee6c8a90e2f9c152bfff5ed5

PODFILE CHECKSUM: fa958502e06fb91bb28b9ea6ff28e69f0d0d72af

COCOAPODS: 1.9.3
