PODS:
  - CTXTutorialEngine (1.0.0)

DEPENDENCIES:
  - CTXTutorialEngine (from `../..`)

EXTERNAL SOURCES:
  CTXTutorialEngine:
    :path: "../.."

SPEC CHECKSUMS:
  CTXTutorialEngine: 69faac76ed9f6ef9ee6c8a90e2f9c152bfff5ed5

PODFILE CHECKSUM: 87f3b353c9fc7d582d09e11fe2b5b285ad35f7d2

COCOAPODS: 1.9.3
