PODS:
  - CTXTutorialEngine (1.0.1)

DEPENDENCIES:
  - CTXTutorialEngine (from `../..`)

EXTERNAL SOURCES:
  CTXTutorialEngine:
    :path: "../.."

SPEC CHECKSUMS:
  CTXTutorialEngine: 87c8858e93d2f864947120215855ddf40366ddfe

PODFILE CHECKSUM: 87f3b353c9fc7d582d09e11fe2b5b285ad35f7d2

COCOAPODS: 1.9.3
