PODS:
  - CTXTutorialEngine (1.0.2)

DEPENDENCIES:
  - CTXTutorialEngine (from `../..`)

EXTERNAL SOURCES:
  CTXTutorialEngine:
    :path: "../.."

SPEC CHECKSUMS:
  CTXTutorialEngine: c2d6c60bf47d0dad9080dc31340d2e8252259d21

PODFILE CHECKSUM: 87f3b353c9fc7d582d09e11fe2b5b285ad35f7d2

COCOAPODS: 1.9.3
