// !$*UTF8*$!
{
	archiveVersion = 1;
	classes = {
	};
	objectVersion = 50;
	objects = {

/* Begin PBXBuildFile section */
		2C16018E23358A38000D0FBA /* AppDelegate.swift in Sources */ = {isa = PBXBuildFile; fileRef = 2C16018D23358A38000D0FBA /* AppDelegate.swift */; };
		2C16019023358A38000D0FBA /* ViewController.swift in Sources */ = {isa = PBXBuildFile; fileRef = 2C16018F23358A38000D0FBA /* ViewController.swift */; };
		2C16019523358A39000D0FBA /* Assets.xcassets in Resources */ = {isa = PBXBuildFile; fileRef = 2C16019423358A39000D0FBA /* Assets.xcassets */; };
		2C16019823358A39000D0FBA /* LaunchScreen.storyboard in Resources */ = {isa = PBXBuildFile; fileRef = 2C16019623358A39000D0FBA /* LaunchScreen.storyboard */; };
		2C1601A323358A39000D0FBA /* CTXTutorialEngineTests.swift in Sources */ = {isa = PBXBuildFile; fileRef = 2C1601A223358A39000D0FBA /* CTXTutorialEngineTests.swift */; };
		2C1601AE23358A39000D0FBA /* CTXTutorialEngineUITests.swift in Sources */ = {isa = PBXBuildFile; fileRef = 2C1601AD23358A39000D0FBA /* CTXTutorialEngineUITests.swift */; };
		2C1601C923358AC1000D0FBA /* CTXTutoriarPresenterImpl.swift in Sources */ = {isa = PBXBuildFile; fileRef = 2C1601BF23358AC1000D0FBA /* CTXTutoriarPresenterImpl.swift */; };
		2C1601CA23358AC1000D0FBA /* CTXTutorialEventBus.swift in Sources */ = {isa = PBXBuildFile; fileRef = 2C1601C023358AC1000D0FBA /* CTXTutorialEventBus.swift */; };
		2C1601CB23358AC1000D0FBA /* CTXTutorialModuleContract.swift in Sources */ = {isa = PBXBuildFile; fileRef = 2C1601C123358AC1000D0FBA /* CTXTutorialModuleContract.swift */; };
		2C1601CC23358AC1000D0FBA /* CTXTutorialRouterImpl.swift in Sources */ = {isa = PBXBuildFile; fileRef = 2C1601C223358AC1000D0FBA /* CTXTutorialRouterImpl.swift */; };
		2C1601CD23358AC1000D0FBA /* CTXTutorial.swift in Sources */ = {isa = PBXBuildFile; fileRef = 2C1601C323358AC1000D0FBA /* CTXTutorial.swift */; };
		2C1601CE23358AC1000D0FBA /* CTXTutorialModule.swift in Sources */ = {isa = PBXBuildFile; fileRef = 2C1601C423358AC1000D0FBA /* CTXTutorialModule.swift */; };
		2C1601CF23358AC1000D0FBA /* CTXTutorialContainer.swift in Sources */ = {isa = PBXBuildFile; fileRef = 2C1601C523358AC1000D0FBA /* CTXTutorialContainer.swift */; };
		2C1601D023358AC1000D0FBA /* CTXTutorialContainerViewController.swift in Sources */ = {isa = PBXBuildFile; fileRef = 2C1601C623358AC1000D0FBA /* CTXTutorialContainerViewController.swift */; };
		2C1601D123358AC1000D0FBA /* CTXTutorialEvent.swift in Sources */ = {isa = PBXBuildFile; fileRef = 2C1601C723358AC1000D0FBA /* CTXTutorialEvent.swift */; };
		2C19A10F233C578100F1AE09 /* CTXTutorialStepConfig.swift in Sources */ = {isa = PBXBuildFile; fileRef = 2C19A10E233C578100F1AE09 /* CTXTutorialStepConfig.swift */; };
		2C19A111233C744B00F1AE09 /* CTXTutorialEventConfigsArray.swift in Sources */ = {isa = PBXBuildFile; fileRef = 2C19A110233C744B00F1AE09 /* CTXTutorialEventConfigsArray.swift */; };
		2C19A114233C786800F1AE09 /* MyEventConfigMetatype.swift in Sources */ = {isa = PBXBuildFile; fileRef = 2C19A113233C786800F1AE09 /* MyEventConfigMetatype.swift */; };
		2C19A116233C801700F1AE09 /* CTXTutorialEventConfigMetaType.swift in Sources */ = {isa = PBXBuildFile; fileRef = 2C19A115233C801700F1AE09 /* CTXTutorialEventConfigMetaType.swift */; };
		2C19A118233C859200F1AE09 /* MyEventConfig.swift in Sources */ = {isa = PBXBuildFile; fileRef = 2C19A117233C859200F1AE09 /* MyEventConfig.swift */; };
		2C2062122338EA7F00E02FD8 /* CTXTutorialStepInfo.swift in Sources */ = {isa = PBXBuildFile; fileRef = 2C2062112338EA7F00E02FD8 /* CTXTutorialStepInfo.swift */; };
		2C2062152338ECDF00E02FD8 /* CTXTutorialConfigLoader.swift in Sources */ = {isa = PBXBuildFile; fileRef = 2C2062142338ECDF00E02FD8 /* CTXTutorialConfigLoader.swift */; };
		2C2062172338ED7000E02FD8 /* CTXTutorialConfig.swift in Sources */ = {isa = PBXBuildFile; fileRef = 2C2062162338ED7000E02FD8 /* CTXTutorialConfig.swift */; };
		2C2062192338F20E00E02FD8 /* CTXTutorialViewsShownEventConfig.swift in Sources */ = {isa = PBXBuildFile; fileRef = 2C2062182338F20E00E02FD8 /* CTXTutorialViewsShownEventConfig.swift */; };
		2C20621D2338F85B00E02FD8 /* CTXTutorialConfig.json in Resources */ = {isa = PBXBuildFile; fileRef = 2C20621C2338F85B00E02FD8 /* CTXTutorialConfig.json */; };
		2C20621F2338FA8000E02FD8 /* MyEvent.swift in Sources */ = {isa = PBXBuildFile; fileRef = 2C20621E2338FA8000E02FD8 /* MyEvent.swift */; };
		2C20EDAC2335A06C00CC57A1 /* CTXTutorialEngineDelegate.swift in Sources */ = {isa = PBXBuildFile; fileRef = 2C20EDAB2335A06C00CC57A1 /* CTXTutorialEngineDelegate.swift */; };
		2C20EDAF2335B03900CC57A1 /* CTXTutorialStepModel.swift in Sources */ = {isa = PBXBuildFile; fileRef = 2C20EDAE2335B03900CC57A1 /* CTXTutorialStepModel.swift */; };
		2C20EDB52335C63A00CC57A1 /* CTXTutorialWeakViewController.swift in Sources */ = {isa = PBXBuildFile; fileRef = 2C20EDB12335C63A00CC57A1 /* CTXTutorialWeakViewController.swift */; };
		2C20EDB62335C63A00CC57A1 /* CTXTutorialViewVisiblityChecker.swift in Sources */ = {isa = PBXBuildFile; fileRef = 2C20EDB22335C63A00CC57A1 /* CTXTutorialViewVisiblityChecker.swift */; };
		2C20EDB72335C63A00CC57A1 /* CTXTutorialEngine.swift in Sources */ = {isa = PBXBuildFile; fileRef = 2C20EDB32335C63A00CC57A1 /* CTXTutorialEngine.swift */; };
		2C2B9E82233CED32009F0E57 /* UIApplicationExtension.swift in Sources */ = {isa = PBXBuildFile; fileRef = 2C2B9E81233CED32009F0E57 /* UIApplicationExtension.swift */; };
		2C2B9E84233CF18D009F0E57 /* CTXTutorialConstants.swift in Sources */ = {isa = PBXBuildFile; fileRef = 2C2B9E83233CF18D009F0E57 /* CTXTutorialConstants.swift */; };
		2C4AF74923371B2500E01ED2 /* UIViewExtension.swift in Sources */ = {isa = PBXBuildFile; fileRef = 2C4AF74823371B2500E01ED2 /* UIViewExtension.swift */; };
		2C55FA10239CD19200FDCBA3 /* MyHintView.swift in Sources */ = {isa = PBXBuildFile; fileRef = 2C55FA0F239CD19200FDCBA3 /* MyHintView.swift */; };
		2C802556239B8B5200B2C454 /* CTXTutorialContainerDelegate.swift in Sources */ = {isa = PBXBuildFile; fileRef = 2C802555239B8B5200B2C454 /* CTXTutorialContainerDelegate.swift */; };
		2C802558239B8F8B00B2C454 /* CTXTutiralModuleDelegate.swift in Sources */ = {isa = PBXBuildFile; fileRef = 2C802557239B8F8B00B2C454 /* CTXTutiralModuleDelegate.swift */; };
		2C80255A239B922F00B2C454 /* CTXTutorialDelegate.swift in Sources */ = {isa = PBXBuildFile; fileRef = 2C802559239B922F00B2C454 /* CTXTutorialDelegate.swift */; };
		2CC3C924233F7FC500E1EB77 /* CTXTutorialAdditionError.swift in Sources */ = {isa = PBXBuildFile; fileRef = 2CC3C923233F7FC500E1EB77 /* CTXTutorialAdditionError.swift */; };
/* End PBXBuildFile section */

/* Begin PBXContainerItemProxy section */
		2C16019F23358A39000D0FBA /* PBXContainerItemProxy */ = {
			isa = PBXContainerItemProxy;
			containerPortal = 2C16018223358A38000D0FBA /* Project object */;
			proxyType = 1;
			remoteGlobalIDString = 2C16018923358A38000D0FBA;
			remoteInfo = CTXTutorialEngine;
		};
		2C1601AA23358A39000D0FBA /* PBXContainerItemProxy */ = {
			isa = PBXContainerItemProxy;
			containerPortal = 2C16018223358A38000D0FBA /* Project object */;
			proxyType = 1;
			remoteGlobalIDString = 2C16018923358A38000D0FBA;
			remoteInfo = CTXTutorialEngine;
		};
/* End PBXContainerItemProxy section */

/* Begin PBXFileReference section */
		2C16018A23358A38000D0FBA /* CTXTutorialEngine.app */ = {isa = PBXFileReference; explicitFileType = wrapper.application; includeInIndex = 0; path = CTXTutorialEngine.app; sourceTree = BUILT_PRODUCTS_DIR; };
		2C16018D23358A38000D0FBA /* AppDelegate.swift */ = {isa = PBXFileReference; lastKnownFileType = sourcecode.swift; path = AppDelegate.swift; sourceTree = "<group>"; };
		2C16018F23358A38000D0FBA /* ViewController.swift */ = {isa = PBXFileReference; lastKnownFileType = sourcecode.swift; path = ViewController.swift; sourceTree = "<group>"; };
		2C16019423358A39000D0FBA /* Assets.xcassets */ = {isa = PBXFileReference; lastKnownFileType = folder.assetcatalog; path = Assets.xcassets; sourceTree = "<group>"; };
		2C16019723358A39000D0FBA /* Base */ = {isa = PBXFileReference; lastKnownFileType = file.storyboard; name = Base; path = Base.lproj/LaunchScreen.storyboard; sourceTree = "<group>"; };
		2C16019923358A39000D0FBA /* Info.plist */ = {isa = PBXFileReference; lastKnownFileType = text.plist.xml; path = Info.plist; sourceTree = "<group>"; };
		2C16019E23358A39000D0FBA /* CTXTutorialEngineTests.xctest */ = {isa = PBXFileReference; explicitFileType = wrapper.cfbundle; includeInIndex = 0; path = CTXTutorialEngineTests.xctest; sourceTree = BUILT_PRODUCTS_DIR; };
		2C1601A223358A39000D0FBA /* CTXTutorialEngineTests.swift */ = {isa = PBXFileReference; lastKnownFileType = sourcecode.swift; path = CTXTutorialEngineTests.swift; sourceTree = "<group>"; };
		2C1601A423358A39000D0FBA /* Info.plist */ = {isa = PBXFileReference; lastKnownFileType = text.plist.xml; path = Info.plist; sourceTree = "<group>"; };
		2C1601A923358A39000D0FBA /* CTXTutorialEngineUITests.xctest */ = {isa = PBXFileReference; explicitFileType = wrapper.cfbundle; includeInIndex = 0; path = CTXTutorialEngineUITests.xctest; sourceTree = BUILT_PRODUCTS_DIR; };
		2C1601AD23358A39000D0FBA /* CTXTutorialEngineUITests.swift */ = {isa = PBXFileReference; lastKnownFileType = sourcecode.swift; path = CTXTutorialEngineUITests.swift; sourceTree = "<group>"; };
		2C1601AF23358A39000D0FBA /* Info.plist */ = {isa = PBXFileReference; lastKnownFileType = text.plist.xml; path = Info.plist; sourceTree = "<group>"; };
		2C1601BF23358AC1000D0FBA /* CTXTutoriarPresenterImpl.swift */ = {isa = PBXFileReference; fileEncoding = 4; lastKnownFileType = sourcecode.swift; path = CTXTutoriarPresenterImpl.swift; sourceTree = "<group>"; };
		2C1601C023358AC1000D0FBA /* CTXTutorialEventBus.swift */ = {isa = PBXFileReference; fileEncoding = 4; lastKnownFileType = sourcecode.swift; path = CTXTutorialEventBus.swift; sourceTree = "<group>"; };
		2C1601C123358AC1000D0FBA /* CTXTutorialModuleContract.swift */ = {isa = PBXFileReference; fileEncoding = 4; lastKnownFileType = sourcecode.swift; path = CTXTutorialModuleContract.swift; sourceTree = "<group>"; };
		2C1601C223358AC1000D0FBA /* CTXTutorialRouterImpl.swift */ = {isa = PBXFileReference; fileEncoding = 4; lastKnownFileType = sourcecode.swift; path = CTXTutorialRouterImpl.swift; sourceTree = "<group>"; };
		2C1601C323358AC1000D0FBA /* CTXTutorial.swift */ = {isa = PBXFileReference; fileEncoding = 4; lastKnownFileType = sourcecode.swift; path = CTXTutorial.swift; sourceTree = "<group>"; };
		2C1601C423358AC1000D0FBA /* CTXTutorialModule.swift */ = {isa = PBXFileReference; fileEncoding = 4; lastKnownFileType = sourcecode.swift; path = CTXTutorialModule.swift; sourceTree = "<group>"; };
		2C1601C523358AC1000D0FBA /* CTXTutorialContainer.swift */ = {isa = PBXFileReference; fileEncoding = 4; lastKnownFileType = sourcecode.swift; path = CTXTutorialContainer.swift; sourceTree = "<group>"; };
		2C1601C623358AC1000D0FBA /* CTXTutorialContainerViewController.swift */ = {isa = PBXFileReference; fileEncoding = 4; lastKnownFileType = sourcecode.swift; path = CTXTutorialContainerViewController.swift; sourceTree = "<group>"; };
		2C1601C723358AC1000D0FBA /* CTXTutorialEvent.swift */ = {isa = PBXFileReference; fileEncoding = 4; lastKnownFileType = sourcecode.swift; path = CTXTutorialEvent.swift; sourceTree = "<group>"; };
		2C19A10E233C578100F1AE09 /* CTXTutorialStepConfig.swift */ = {isa = PBXFileReference; fileEncoding = 4; lastKnownFileType = sourcecode.swift; path = CTXTutorialStepConfig.swift; sourceTree = "<group>"; };
		2C19A110233C744B00F1AE09 /* CTXTutorialEventConfigsArray.swift */ = {isa = PBXFileReference; lastKnownFileType = sourcecode.swift; path = CTXTutorialEventConfigsArray.swift; sourceTree = "<group>"; };
		2C19A113233C786800F1AE09 /* MyEventConfigMetatype.swift */ = {isa = PBXFileReference; lastKnownFileType = sourcecode.swift; path = MyEventConfigMetatype.swift; sourceTree = "<group>"; };
		2C19A115233C801700F1AE09 /* CTXTutorialEventConfigMetaType.swift */ = {isa = PBXFileReference; lastKnownFileType = sourcecode.swift; path = CTXTutorialEventConfigMetaType.swift; sourceTree = "<group>"; };
		2C19A117233C859200F1AE09 /* MyEventConfig.swift */ = {isa = PBXFileReference; lastKnownFileType = sourcecode.swift; path = MyEventConfig.swift; sourceTree = "<group>"; };
		2C2062112338EA7F00E02FD8 /* CTXTutorialStepInfo.swift */ = {isa = PBXFileReference; lastKnownFileType = sourcecode.swift; path = CTXTutorialStepInfo.swift; sourceTree = "<group>"; };
		2C2062142338ECDF00E02FD8 /* CTXTutorialConfigLoader.swift */ = {isa = PBXFileReference; lastKnownFileType = sourcecode.swift; path = CTXTutorialConfigLoader.swift; sourceTree = "<group>"; };
		2C2062162338ED7000E02FD8 /* CTXTutorialConfig.swift */ = {isa = PBXFileReference; lastKnownFileType = sourcecode.swift; path = CTXTutorialConfig.swift; sourceTree = "<group>"; };
		2C2062182338F20E00E02FD8 /* CTXTutorialViewsShownEventConfig.swift */ = {isa = PBXFileReference; lastKnownFileType = sourcecode.swift; path = CTXTutorialViewsShownEventConfig.swift; sourceTree = "<group>"; };
		2C20621C2338F85B00E02FD8 /* CTXTutorialConfig.json */ = {isa = PBXFileReference; lastKnownFileType = text.json; path = CTXTutorialConfig.json; sourceTree = "<group>"; };
		2C20621E2338FA8000E02FD8 /* MyEvent.swift */ = {isa = PBXFileReference; lastKnownFileType = sourcecode.swift; path = MyEvent.swift; sourceTree = "<group>"; };
		2C20EDAB2335A06C00CC57A1 /* CTXTutorialEngineDelegate.swift */ = {isa = PBXFileReference; lastKnownFileType = sourcecode.swift; path = CTXTutorialEngineDelegate.swift; sourceTree = "<group>"; };
		2C20EDAE2335B03900CC57A1 /* CTXTutorialStepModel.swift */ = {isa = PBXFileReference; lastKnownFileType = sourcecode.swift; path = CTXTutorialStepModel.swift; sourceTree = "<group>"; };
		2C20EDB12335C63A00CC57A1 /* CTXTutorialWeakViewController.swift */ = {isa = PBXFileReference; fileEncoding = 4; lastKnownFileType = sourcecode.swift; path = CTXTutorialWeakViewController.swift; sourceTree = "<group>"; };
		2C20EDB22335C63A00CC57A1 /* CTXTutorialViewVisiblityChecker.swift */ = {isa = PBXFileReference; fileEncoding = 4; lastKnownFileType = sourcecode.swift; path = CTXTutorialViewVisiblityChecker.swift; sourceTree = "<group>"; };
		2C20EDB32335C63A00CC57A1 /* CTXTutorialEngine.swift */ = {isa = PBXFileReference; fileEncoding = 4; lastKnownFileType = sourcecode.swift; path = CTXTutorialEngine.swift; sourceTree = "<group>"; };
		2C2B9E81233CED32009F0E57 /* UIApplicationExtension.swift */ = {isa = PBXFileReference; lastKnownFileType = sourcecode.swift; path = UIApplicationExtension.swift; sourceTree = "<group>"; };
		2C2B9E83233CF18D009F0E57 /* CTXTutorialConstants.swift */ = {isa = PBXFileReference; lastKnownFileType = sourcecode.swift; path = CTXTutorialConstants.swift; sourceTree = "<group>"; };
		2C4AF74823371B2500E01ED2 /* UIViewExtension.swift */ = {isa = PBXFileReference; lastKnownFileType = sourcecode.swift; path = UIViewExtension.swift; sourceTree = "<group>"; };
		2C55FA0F239CD19200FDCBA3 /* MyHintView.swift */ = {isa = PBXFileReference; lastKnownFileType = sourcecode.swift; path = MyHintView.swift; sourceTree = "<group>"; };
		2C802555239B8B5200B2C454 /* CTXTutorialContainerDelegate.swift */ = {isa = PBXFileReference; lastKnownFileType = sourcecode.swift; path = CTXTutorialContainerDelegate.swift; sourceTree = "<group>"; };
		2C802557239B8F8B00B2C454 /* CTXTutiralModuleDelegate.swift */ = {isa = PBXFileReference; lastKnownFileType = sourcecode.swift; path = CTXTutiralModuleDelegate.swift; sourceTree = "<group>"; };
		2C802559239B922F00B2C454 /* CTXTutorialDelegate.swift */ = {isa = PBXFileReference; lastKnownFileType = sourcecode.swift; path = CTXTutorialDelegate.swift; sourceTree = "<group>"; };
		2CC3C923233F7FC500E1EB77 /* CTXTutorialAdditionError.swift */ = {isa = PBXFileReference; lastKnownFileType = sourcecode.swift; path = CTXTutorialAdditionError.swift; sourceTree = "<group>"; };
/* End PBXFileReference section */

/* Begin PBXFrameworksBuildPhase section */
		2C16018723358A38000D0FBA /* Frameworks */ = {
			isa = PBXFrameworksBuildPhase;
			buildActionMask = 2147483647;
			files = (
			);
			runOnlyForDeploymentPostprocessing = 0;
		};
		2C16019B23358A39000D0FBA /* Frameworks */ = {
			isa = PBXFrameworksBuildPhase;
			buildActionMask = 2147483647;
			files = (
			);
			runOnlyForDeploymentPostprocessing = 0;
		};
		2C1601A623358A39000D0FBA /* Frameworks */ = {
			isa = PBXFrameworksBuildPhase;
			buildActionMask = 2147483647;
			files = (
			);
			runOnlyForDeploymentPostprocessing = 0;
		};
/* End PBXFrameworksBuildPhase section */

/* Begin PBXGroup section */
		2C16018123358A38000D0FBA = {
			isa = PBXGroup;
			children = (
				2C16018C23358A38000D0FBA /* CTXTutorialEngine */,
				2C1601A123358A39000D0FBA /* CTXTutorialEngineTests */,
				2C1601AC23358A39000D0FBA /* CTXTutorialEngineUITests */,
				2C16018B23358A38000D0FBA /* Products */,
			);
			sourceTree = "<group>";
		};
		2C16018B23358A38000D0FBA /* Products */ = {
			isa = PBXGroup;
			children = (
				2C16018A23358A38000D0FBA /* CTXTutorialEngine.app */,
				2C16019E23358A39000D0FBA /* CTXTutorialEngineTests.xctest */,
				2C1601A923358A39000D0FBA /* CTXTutorialEngineUITests.xctest */,
			);
			name = Products;
			sourceTree = "<group>";
		};
		2C16018C23358A38000D0FBA /* CTXTutorialEngine */ = {
			isa = PBXGroup;
			children = (
				2C19A112233C784400F1AE09 /* UserProvided */,
				2C1601BE23358A7F000D0FBA /* Resources */,
				2C1601BB23358A4E000D0FBA /* Engine */,
				2C16018D23358A38000D0FBA /* AppDelegate.swift */,
				2C16018F23358A38000D0FBA /* ViewController.swift */,
				2C16019923358A39000D0FBA /* Info.plist */,
			);
			path = CTXTutorialEngine;
			sourceTree = "<group>";
		};
		2C1601A123358A39000D0FBA /* CTXTutorialEngineTests */ = {
			isa = PBXGroup;
			children = (
				2C1601A223358A39000D0FBA /* CTXTutorialEngineTests.swift */,
				2C1601A423358A39000D0FBA /* Info.plist */,
			);
			path = CTXTutorialEngineTests;
			sourceTree = "<group>";
		};
		2C1601AC23358A39000D0FBA /* CTXTutorialEngineUITests */ = {
			isa = PBXGroup;
			children = (
				2C1601AD23358A39000D0FBA /* CTXTutorialEngineUITests.swift */,
				2C1601AF23358A39000D0FBA /* Info.plist */,
			);
			path = CTXTutorialEngineUITests;
			sourceTree = "<group>";
		};
		2C1601BB23358A4E000D0FBA /* Engine */ = {
			isa = PBXGroup;
			children = (
				2C2062132338ECD000E02FD8 /* Utlis */,
				2C1601BC23358A63000D0FBA /* Models */,
				2C20EDAD2335A07000CC57A1 /* Delegates */,
				2C4AF74723371B0C00E01ED2 /* Extensions */,
				2C1FAC9523376A0800F606A5 /* Module */,
				2C20EDB32335C63A00CC57A1 /* CTXTutorialEngine.swift */,
				2C20EDB22335C63A00CC57A1 /* CTXTutorialViewVisiblityChecker.swift */,
				2C20EDB12335C63A00CC57A1 /* CTXTutorialWeakViewController.swift */,
				2C1601C023358AC1000D0FBA /* CTXTutorialEventBus.swift */,
				2C1601C723358AC1000D0FBA /* CTXTutorialEvent.swift */,
				2C1601C323358AC1000D0FBA /* CTXTutorial.swift */,
				2C2B9E83233CF18D009F0E57 /* CTXTutorialConstants.swift */,
			);
			path = Engine;
			sourceTree = "<group>";
		};
		2C1601BC23358A63000D0FBA /* Models */ = {
			isa = PBXGroup;
			children = (
				2C2062162338ED7000E02FD8 /* CTXTutorialConfig.swift */,
				2C19A10E233C578100F1AE09 /* CTXTutorialStepConfig.swift */,
				2C2062182338F20E00E02FD8 /* CTXTutorialViewsShownEventConfig.swift */,
				2C20EDAE2335B03900CC57A1 /* CTXTutorialStepModel.swift */,
				2C2062112338EA7F00E02FD8 /* CTXTutorialStepInfo.swift */,
				2CC3C923233F7FC500E1EB77 /* CTXTutorialAdditionError.swift */,
			);
			path = Models;
			sourceTree = "<group>";
		};
		2C1601BE23358A7F000D0FBA /* Resources */ = {
			isa = PBXGroup;
			children = (
				2C16019423358A39000D0FBA /* Assets.xcassets */,
				2C16019623358A39000D0FBA /* LaunchScreen.storyboard */,
			);
			path = Resources;
			sourceTree = "<group>";
		};
		2C19A112233C784400F1AE09 /* UserProvided */ = {
			isa = PBXGroup;
			children = (
				2C20621C2338F85B00E02FD8 /* CTXTutorialConfig.json */,
				2C20621E2338FA8000E02FD8 /* MyEvent.swift */,
				2C19A117233C859200F1AE09 /* MyEventConfig.swift */,
				2C19A113233C786800F1AE09 /* MyEventConfigMetatype.swift */,
				2C55FA0F239CD19200FDCBA3 /* MyHintView.swift */,
			);
			path = UserProvided;
			sourceTree = "<group>";
		};
		2C1FAC9523376A0800F606A5 /* Module */ = {
			isa = PBXGroup;
			children = (
				2C1601C123358AC1000D0FBA /* CTXTutorialModuleContract.swift */,
				2C1601C423358AC1000D0FBA /* CTXTutorialModule.swift */,
				2C1601C523358AC1000D0FBA /* CTXTutorialContainer.swift */,
				2C1601BF23358AC1000D0FBA /* CTXTutoriarPresenterImpl.swift */,
				2C1601C623358AC1000D0FBA /* CTXTutorialContainerViewController.swift */,
				2C1601C223358AC1000D0FBA /* CTXTutorialRouterImpl.swift */,
			);
			path = Module;
			sourceTree = "<group>";
		};
		2C2062132338ECD000E02FD8 /* Utlis */ = {
			isa = PBXGroup;
			children = (
				2C2062142338ECDF00E02FD8 /* CTXTutorialConfigLoader.swift */,
				2C19A110233C744B00F1AE09 /* CTXTutorialEventConfigsArray.swift */,
				2C19A115233C801700F1AE09 /* CTXTutorialEventConfigMetaType.swift */,
			);
			path = Utlis;
			sourceTree = "<group>";
		};
		2C20EDAD2335A07000CC57A1 /* Delegates */ = {
			isa = PBXGroup;
			children = (
				2C20EDAB2335A06C00CC57A1 /* CTXTutorialEngineDelegate.swift */,
				2C802555239B8B5200B2C454 /* CTXTutorialContainerDelegate.swift */,
				2C802557239B8F8B00B2C454 /* CTXTutiralModuleDelegate.swift */,
				2C802559239B922F00B2C454 /* CTXTutorialDelegate.swift */,
			);
			path = Delegates;
			sourceTree = "<group>";
		};
		2C4AF74723371B0C00E01ED2 /* Extensions */ = {
			isa = PBXGroup;
			children = (
				2C4AF74823371B2500E01ED2 /* UIViewExtension.swift */,
				2C2B9E81233CED32009F0E57 /* UIApplicationExtension.swift */,
			);
			path = Extensions;
			sourceTree = "<group>";
		};
/* End PBXGroup section */

/* Begin PBXNativeTarget section */
		2C16018923358A38000D0FBA /* CTXTutorialEngine */ = {
			isa = PBXNativeTarget;
			buildConfigurationList = 2C1601B223358A39000D0FBA /* Build configuration list for PBXNativeTarget "CTXTutorialEngine" */;
			buildPhases = (
				2C16018623358A38000D0FBA /* Sources */,
				2C16018723358A38000D0FBA /* Frameworks */,
				2C16018823358A38000D0FBA /* Resources */,
			);
			buildRules = (
			);
			dependencies = (
			);
			name = CTXTutorialEngine;
			productName = CTXTutorialEngine;
			productReference = 2C16018A23358A38000D0FBA /* CTXTutorialEngine.app */;
			productType = "com.apple.product-type.application";
		};
		2C16019D23358A39000D0FBA /* CTXTutorialEngineTests */ = {
			isa = PBXNativeTarget;
			buildConfigurationList = 2C1601B523358A39000D0FBA /* Build configuration list for PBXNativeTarget "CTXTutorialEngineTests" */;
			buildPhases = (
				2C16019A23358A39000D0FBA /* Sources */,
				2C16019B23358A39000D0FBA /* Frameworks */,
				2C16019C23358A39000D0FBA /* Resources */,
			);
			buildRules = (
			);
			dependencies = (
				2C1601A023358A39000D0FBA /* PBXTargetDependency */,
			);
			name = CTXTutorialEngineTests;
			productName = CTXTutorialEngineTests;
			productReference = 2C16019E23358A39000D0FBA /* CTXTutorialEngineTests.xctest */;
			productType = "com.apple.product-type.bundle.unit-test";
		};
		2C1601A823358A39000D0FBA /* CTXTutorialEngineUITests */ = {
			isa = PBXNativeTarget;
			buildConfigurationList = 2C1601B823358A39000D0FBA /* Build configuration list for PBXNativeTarget "CTXTutorialEngineUITests" */;
			buildPhases = (
				2C1601A523358A39000D0FBA /* Sources */,
				2C1601A623358A39000D0FBA /* Frameworks */,
				2C1601A723358A39000D0FBA /* Resources */,
			);
			buildRules = (
			);
			dependencies = (
				2C1601AB23358A39000D0FBA /* PBXTargetDependency */,
			);
			name = CTXTutorialEngineUITests;
			productName = CTXTutorialEngineUITests;
			productReference = 2C1601A923358A39000D0FBA /* CTXTutorialEngineUITests.xctest */;
			productType = "com.apple.product-type.bundle.ui-testing";
		};
/* End PBXNativeTarget section */

/* Begin PBXProject section */
		2C16018223358A38000D0FBA /* Project object */ = {
			isa = PBXProject;
			attributes = {
				LastSwiftUpdateCheck = 1030;
				LastUpgradeCheck = 1030;
				ORGANIZATIONNAME = "Andrey Medvedev";
				TargetAttributes = {
					2C16018923358A38000D0FBA = {
						CreatedOnToolsVersion = 10.3;
					};
					2C16019D23358A39000D0FBA = {
						CreatedOnToolsVersion = 10.3;
						TestTargetID = 2C16018923358A38000D0FBA;
					};
					2C1601A823358A39000D0FBA = {
						CreatedOnToolsVersion = 10.3;
						TestTargetID = 2C16018923358A38000D0FBA;
					};
				};
			};
			buildConfigurationList = 2C16018523358A38000D0FBA /* Build configuration list for PBXProject "CTXTutorialEngine" */;
			compatibilityVersion = "Xcode 9.3";
			developmentRegion = en;
			hasScannedForEncodings = 0;
			knownRegions = (
				en,
				Base,
			);
			mainGroup = 2C16018123358A38000D0FBA;
			productRefGroup = 2C16018B23358A38000D0FBA /* Products */;
			projectDirPath = "";
			projectRoot = "";
			targets = (
				2C16018923358A38000D0FBA /* CTXTutorialEngine */,
				2C16019D23358A39000D0FBA /* CTXTutorialEngineTests */,
				2C1601A823358A39000D0FBA /* CTXTutorialEngineUITests */,
			);
		};
/* End PBXProject section */

/* Begin PBXResourcesBuildPhase section */
		2C16018823358A38000D0FBA /* Resources */ = {
			isa = PBXResourcesBuildPhase;
			buildActionMask = 2147483647;
			files = (
				2C16019823358A39000D0FBA /* LaunchScreen.storyboard in Resources */,
				2C16019523358A39000D0FBA /* Assets.xcassets in Resources */,
				2C20621D2338F85B00E02FD8 /* CTXTutorialConfig.json in Resources */,
			);
			runOnlyForDeploymentPostprocessing = 0;
		};
		2C16019C23358A39000D0FBA /* Resources */ = {
			isa = PBXResourcesBuildPhase;
			buildActionMask = 2147483647;
			files = (
			);
			runOnlyForDeploymentPostprocessing = 0;
		};
		2C1601A723358A39000D0FBA /* Resources */ = {
			isa = PBXResourcesBuildPhase;
			buildActionMask = 2147483647;
			files = (
			);
			runOnlyForDeploymentPostprocessing = 0;
		};
/* End PBXResourcesBuildPhase section */

/* Begin PBXSourcesBuildPhase section */
		2C16018623358A38000D0FBA /* Sources */ = {
			isa = PBXSourcesBuildPhase;
			buildActionMask = 2147483647;
			files = (
				2C2062172338ED7000E02FD8 /* CTXTutorialConfig.swift in Sources */,
				2CC3C924233F7FC500E1EB77 /* CTXTutorialAdditionError.swift in Sources */,
				2C55FA10239CD19200FDCBA3 /* MyHintView.swift in Sources */,
				2C19A114233C786800F1AE09 /* MyEventConfigMetatype.swift in Sources */,
				2C2062152338ECDF00E02FD8 /* CTXTutorialConfigLoader.swift in Sources */,
				2C1601CB23358AC1000D0FBA /* CTXTutorialModuleContract.swift in Sources */,
				2C19A118233C859200F1AE09 /* MyEventConfig.swift in Sources */,
				2C20621F2338FA8000E02FD8 /* MyEvent.swift in Sources */,
				2C1601CA23358AC1000D0FBA /* CTXTutorialEventBus.swift in Sources */,
				2C2062122338EA7F00E02FD8 /* CTXTutorialStepInfo.swift in Sources */,
				2C802558239B8F8B00B2C454 /* CTXTutiralModuleDelegate.swift in Sources */,
				2C1601CE23358AC1000D0FBA /* CTXTutorialModule.swift in Sources */,
				2C16019023358A38000D0FBA /* ViewController.swift in Sources */,
				2C20EDB52335C63A00CC57A1 /* CTXTutorialWeakViewController.swift in Sources */,
				2C1601CF23358AC1000D0FBA /* CTXTutorialContainer.swift in Sources */,
				2C19A116233C801700F1AE09 /* CTXTutorialEventConfigMetaType.swift in Sources */,
				2C20EDB62335C63A00CC57A1 /* CTXTutorialViewVisiblityChecker.swift in Sources */,
				2C80255A239B922F00B2C454 /* CTXTutorialDelegate.swift in Sources */,
				2C20EDAF2335B03900CC57A1 /* CTXTutorialStepModel.swift in Sources */,
				2C2B9E82233CED32009F0E57 /* UIApplicationExtension.swift in Sources */,
				2C1601D123358AC1000D0FBA /* CTXTutorialEvent.swift in Sources */,
				2C2062192338F20E00E02FD8 /* CTXTutorialViewsShownEventConfig.swift in Sources */,
				2C19A111233C744B00F1AE09 /* CTXTutorialEventConfigsArray.swift in Sources */,
				2C19A10F233C578100F1AE09 /* CTXTutorialStepConfig.swift in Sources */,
				2C802556239B8B5200B2C454 /* CTXTutorialContainerDelegate.swift in Sources */,
				2C1601CD23358AC1000D0FBA /* CTXTutorial.swift in Sources */,
				2C20EDB72335C63A00CC57A1 /* CTXTutorialEngine.swift in Sources */,
				2C1601CC23358AC1000D0FBA /* CTXTutorialRouterImpl.swift in Sources */,
				2C1601D023358AC1000D0FBA /* CTXTutorialContainerViewController.swift in Sources */,
				2C16018E23358A38000D0FBA /* AppDelegate.swift in Sources */,
				2C4AF74923371B2500E01ED2 /* UIViewExtension.swift in Sources */,
				2C2B9E84233CF18D009F0E57 /* CTXTutorialConstants.swift in Sources */,
				2C20EDAC2335A06C00CC57A1 /* CTXTutorialEngineDelegate.swift in Sources */,
				2C1601C923358AC1000D0FBA /* CTXTutoriarPresenterImpl.swift in Sources */,
			);
			runOnlyForDeploymentPostprocessing = 0;
		};
		2C16019A23358A39000D0FBA /* Sources */ = {
			isa = PBXSourcesBuildPhase;
			buildActionMask = 2147483647;
			files = (
				2C1601A323358A39000D0FBA /* CTXTutorialEngineTests.swift in Sources */,
			);
			runOnlyForDeploymentPostprocessing = 0;
		};
		2C1601A523358A39000D0FBA /* Sources */ = {
			isa = PBXSourcesBuildPhase;
			buildActionMask = 2147483647;
			files = (
				2C1601AE23358A39000D0FBA /* CTXTutorialEngineUITests.swift in Sources */,
			);
			runOnlyForDeploymentPostprocessing = 0;
		};
/* End PBXSourcesBuildPhase section */

/* Begin PBXTargetDependency section */
		2C1601A023358A39000D0FBA /* PBXTargetDependency */ = {
			isa = PBXTargetDependency;
			target = 2C16018923358A38000D0FBA /* CTXTutorialEngine */;
			targetProxy = 2C16019F23358A39000D0FBA /* PBXContainerItemProxy */;
		};
		2C1601AB23358A39000D0FBA /* PBXTargetDependency */ = {
			isa = PBXTargetDependency;
			target = 2C16018923358A38000D0FBA /* CTXTutorialEngine */;
			targetProxy = 2C1601AA23358A39000D0FBA /* PBXContainerItemProxy */;
		};
/* End PBXTargetDependency section */

/* Begin PBXVariantGroup section */
		2C16019623358A39000D0FBA /* LaunchScreen.storyboard */ = {
			isa = PBXVariantGroup;
			children = (
				2C16019723358A39000D0FBA /* Base */,
			);
			name = LaunchScreen.storyboard;
			sourceTree = "<group>";
		};
/* End PBXVariantGroup section */

/* Begin XCBuildConfiguration section */
		2C1601B023358A39000D0FBA /* Debug */ = {
			isa = XCBuildConfiguration;
			buildSettings = {
				ALWAYS_SEARCH_USER_PATHS = NO;
				CLANG_ANALYZER_NONNULL = YES;
				CLANG_ANALYZER_NUMBER_OBJECT_CONVERSION = YES_AGGRESSIVE;
				CLANG_CXX_LANGUAGE_STANDARD = "gnu++14";
				CLANG_CXX_LIBRARY = "libc++";
				CLANG_ENABLE_MODULES = YES;
				CLANG_ENABLE_OBJC_ARC = YES;
				CLANG_ENABLE_OBJC_WEAK = YES;
				CLANG_WARN_BLOCK_CAPTURE_AUTORELEASING = YES;
				CLANG_WARN_BOOL_CONVERSION = YES;
				CLANG_WARN_COMMA = YES;
				CLANG_WARN_CONSTANT_CONVERSION = YES;
				CLANG_WARN_DEPRECATED_OBJC_IMPLEMENTATIONS = YES;
				CLANG_WARN_DIRECT_OBJC_ISA_USAGE = YES_ERROR;
				CLANG_WARN_DOCUMENTATION_COMMENTS = YES;
				CLANG_WARN_EMPTY_BODY = YES;
				CLANG_WARN_ENUM_CONVERSION = YES;
				CLANG_WARN_INFINITE_RECURSION = YES;
				CLANG_WARN_INT_CONVERSION = YES;
				CLANG_WARN_NON_LITERAL_NULL_CONVERSION = YES;
				CLANG_WARN_OBJC_IMPLICIT_RETAIN_SELF = YES;
				CLANG_WARN_OBJC_LITERAL_CONVERSION = YES;
				CLANG_WARN_OBJC_ROOT_CLASS = YES_ERROR;
				CLANG_WARN_RANGE_LOOP_ANALYSIS = YES;
				CLANG_WARN_STRICT_PROTOTYPES = YES;
				CLANG_WARN_SUSPICIOUS_MOVE = YES;
				CLANG_WARN_UNGUARDED_AVAILABILITY = YES_AGGRESSIVE;
				CLANG_WARN_UNREACHABLE_CODE = YES;
				CLANG_WARN__DUPLICATE_METHOD_MATCH = YES;
				CODE_SIGN_IDENTITY = "iPhone Developer";
				COPY_PHASE_STRIP = NO;
				DEBUG_INFORMATION_FORMAT = dwarf;
				ENABLE_STRICT_OBJC_MSGSEND = YES;
				ENABLE_TESTABILITY = YES;
				GCC_C_LANGUAGE_STANDARD = gnu11;
				GCC_DYNAMIC_NO_PIC = NO;
				GCC_NO_COMMON_BLOCKS = YES;
				GCC_OPTIMIZATION_LEVEL = 0;
				GCC_PREPROCESSOR_DEFINITIONS = (
					"DEBUG=1",
					"$(inherited)",
				);
				GCC_WARN_64_TO_32_BIT_CONVERSION = YES;
				GCC_WARN_ABOUT_RETURN_TYPE = YES_ERROR;
				GCC_WARN_UNDECLARED_SELECTOR = YES;
				GCC_WARN_UNINITIALIZED_AUTOS = YES_AGGRESSIVE;
				GCC_WARN_UNUSED_FUNCTION = YES;
				GCC_WARN_UNUSED_VARIABLE = YES;
				IPHONEOS_DEPLOYMENT_TARGET = 12.4;
				MTL_ENABLE_DEBUG_INFO = INCLUDE_SOURCE;
				MTL_FAST_MATH = YES;
				ONLY_ACTIVE_ARCH = YES;
				SDKROOT = iphoneos;
				SWIFT_ACTIVE_COMPILATION_CONDITIONS = DEBUG;
				SWIFT_OPTIMIZATION_LEVEL = "-Onone";
			};
			name = Debug;
		};
		2C1601B123358A39000D0FBA /* Release */ = {
			isa = XCBuildConfiguration;
			buildSettings = {
				ALWAYS_SEARCH_USER_PATHS = NO;
				CLANG_ANALYZER_NONNULL = YES;
				CLANG_ANALYZER_NUMBER_OBJECT_CONVERSION = YES_AGGRESSIVE;
				CLANG_CXX_LANGUAGE_STANDARD = "gnu++14";
				CLANG_CXX_LIBRARY = "libc++";
				CLANG_ENABLE_MODULES = YES;
				CLANG_ENABLE_OBJC_ARC = YES;
				CLANG_ENABLE_OBJC_WEAK = YES;
				CLANG_WARN_BLOCK_CAPTURE_AUTORELEASING = YES;
				CLANG_WARN_BOOL_CONVERSION = YES;
				CLANG_WARN_COMMA = YES;
				CLANG_WARN_CONSTANT_CONVERSION = YES;
				CLANG_WARN_DEPRECATED_OBJC_IMPLEMENTATIONS = YES;
				CLANG_WARN_DIRECT_OBJC_ISA_USAGE = YES_ERROR;
				CLANG_WARN_DOCUMENTATION_COMMENTS = YES;
				CLANG_WARN_EMPTY_BODY = YES;
				CLANG_WARN_ENUM_CONVERSION = YES;
				CLANG_WARN_INFINITE_RECURSION = YES;
				CLANG_WARN_INT_CONVERSION = YES;
				CLANG_WARN_NON_LITERAL_NULL_CONVERSION = YES;
				CLANG_WARN_OBJC_IMPLICIT_RETAIN_SELF = YES;
				CLANG_WARN_OBJC_LITERAL_CONVERSION = YES;
				CLANG_WARN_OBJC_ROOT_CLASS = YES_ERROR;
				CLANG_WARN_RANGE_LOOP_ANALYSIS = YES;
				CLANG_WARN_STRICT_PROTOTYPES = YES;
				CLANG_WARN_SUSPICIOUS_MOVE = YES;
				CLANG_WARN_UNGUARDED_AVAILABILITY = YES_AGGRESSIVE;
				CLANG_WARN_UNREACHABLE_CODE = YES;
				CLANG_WARN__DUPLICATE_METHOD_MATCH = YES;
				CODE_SIGN_IDENTITY = "iPhone Developer";
				COPY_PHASE_STRIP = NO;
				DEBUG_INFORMATION_FORMAT = "dwarf-with-dsym";
				ENABLE_NS_ASSERTIONS = NO;
				ENABLE_STRICT_OBJC_MSGSEND = YES;
				GCC_C_LANGUAGE_STANDARD = gnu11;
				GCC_NO_COMMON_BLOCKS = YES;
				GCC_WARN_64_TO_32_BIT_CONVERSION = YES;
				GCC_WARN_ABOUT_RETURN_TYPE = YES_ERROR;
				GCC_WARN_UNDECLARED_SELECTOR = YES;
				GCC_WARN_UNINITIALIZED_AUTOS = YES_AGGRESSIVE;
				GCC_WARN_UNUSED_FUNCTION = YES;
				GCC_WARN_UNUSED_VARIABLE = YES;
				IPHONEOS_DEPLOYMENT_TARGET = 12.4;
				MTL_ENABLE_DEBUG_INFO = NO;
				MTL_FAST_MATH = YES;
				SDKROOT = iphoneos;
				SWIFT_COMPILATION_MODE = wholemodule;
				SWIFT_OPTIMIZATION_LEVEL = "-O";
				VALIDATE_PRODUCT = YES;
			};
			name = Release;
		};
		2C1601B323358A39000D0FBA /* Debug */ = {
			isa = XCBuildConfiguration;
			buildSettings = {
				ASSETCATALOG_COMPILER_APPICON_NAME = AppIcon;
				CODE_SIGN_STYLE = Automatic;
				DEVELOPMENT_TEAM = 4653GK8MTP;
				INFOPLIST_FILE = CTXTutorialEngine/Info.plist;
				LD_RUNPATH_SEARCH_PATHS = (
					"$(inherited)",
					"@executable_path/Frameworks",
				);
				PRODUCT_BUNDLE_IDENTIFIER = home.CTXTutorialEngine;
				PRODUCT_NAME = "$(TARGET_NAME)";
				SWIFT_VERSION = 5.0;
				TARGETED_DEVICE_FAMILY = "1,2";
			};
			name = Debug;
		};
		2C1601B423358A39000D0FBA /* Release */ = {
			isa = XCBuildConfiguration;
			buildSettings = {
				ASSETCATALOG_COMPILER_APPICON_NAME = AppIcon;
				CODE_SIGN_STYLE = Automatic;
				DEVELOPMENT_TEAM = 4653GK8MTP;
				INFOPLIST_FILE = CTXTutorialEngine/Info.plist;
				LD_RUNPATH_SEARCH_PATHS = (
					"$(inherited)",
					"@executable_path/Frameworks",
				);
				PRODUCT_BUNDLE_IDENTIFIER = home.CTXTutorialEngine;
				PRODUCT_NAME = "$(TARGET_NAME)";
				SWIFT_VERSION = 5.0;
				TARGETED_DEVICE_FAMILY = "1,2";
			};
			name = Release;
		};
		2C1601B623358A39000D0FBA /* Debug */ = {
			isa = XCBuildConfiguration;
			buildSettings = {
				ALWAYS_EMBED_SWIFT_STANDARD_LIBRARIES = YES;
				BUNDLE_LOADER = "$(TEST_HOST)";
				CODE_SIGN_STYLE = Automatic;
				DEVELOPMENT_TEAM = 4653GK8MTP;
				INFOPLIST_FILE = CTXTutorialEngineTests/Info.plist;
				LD_RUNPATH_SEARCH_PATHS = (
					"$(inherited)",
					"@executable_path/Frameworks",
					"@loader_path/Frameworks",
				);
				PRODUCT_BUNDLE_IDENTIFIER = home.CTXTutorialEngineTests;
				PRODUCT_NAME = "$(TARGET_NAME)";
				SWIFT_VERSION = 5.0;
				TARGETED_DEVICE_FAMILY = "1,2";
				TEST_HOST = "$(BUILT_PRODUCTS_DIR)/CTXTutorialEngine.app/CTXTutorialEngine";
			};
			name = Debug;
		};
		2C1601B723358A39000D0FBA /* Release */ = {
			isa = XCBuildConfiguration;
			buildSettings = {
				ALWAYS_EMBED_SWIFT_STANDARD_LIBRARIES = YES;
				BUNDLE_LOADER = "$(TEST_HOST)";
				CODE_SIGN_STYLE = Automatic;
				DEVELOPMENT_TEAM = 4653GK8MTP;
				INFOPLIST_FILE = CTXTutorialEngineTests/Info.plist;
				LD_RUNPATH_SEARCH_PATHS = (
					"$(inherited)",
					"@executable_path/Frameworks",
					"@loader_path/Frameworks",
				);
				PRODUCT_BUNDLE_IDENTIFIER = home.CTXTutorialEngineTests;
				PRODUCT_NAME = "$(TARGET_NAME)";
				SWIFT_VERSION = 5.0;
				TARGETED_DEVICE_FAMILY = "1,2";
				TEST_HOST = "$(BUILT_PRODUCTS_DIR)/CTXTutorialEngine.app/CTXTutorialEngine";
			};
			name = Release;
		};
		2C1601B923358A39000D0FBA /* Debug */ = {
			isa = XCBuildConfiguration;
			buildSettings = {
				ALWAYS_EMBED_SWIFT_STANDARD_LIBRARIES = YES;
				CODE_SIGN_STYLE = Automatic;
				DEVELOPMENT_TEAM = 4653GK8MTP;
				INFOPLIST_FILE = CTXTutorialEngineUITests/Info.plist;
				LD_RUNPATH_SEARCH_PATHS = (
					"$(inherited)",
					"@executable_path/Frameworks",
					"@loader_path/Frameworks",
				);
				PRODUCT_BUNDLE_IDENTIFIER = home.CTXTutorialEngineUITests;
				PRODUCT_NAME = "$(TARGET_NAME)";
				SWIFT_VERSION = 5.0;
				TARGETED_DEVICE_FAMILY = "1,2";
				TEST_TARGET_NAME = CTXTutorialEngine;
			};
			name = Debug;
		};
		2C1601BA23358A39000D0FBA /* Release */ = {
			isa = XCBuildConfiguration;
			buildSettings = {
				ALWAYS_EMBED_SWIFT_STANDARD_LIBRARIES = YES;
				CODE_SIGN_STYLE = Automatic;
				DEVELOPMENT_TEAM = 4653GK8MTP;
				INFOPLIST_FILE = CTXTutorialEngineUITests/Info.plist;
				LD_RUNPATH_SEARCH_PATHS = (
					"$(inherited)",
					"@executable_path/Frameworks",
					"@loader_path/Frameworks",
				);
				PRODUCT_BUNDLE_IDENTIFIER = home.CTXTutorialEngineUITests;
				PRODUCT_NAME = "$(TARGET_NAME)";
				SWIFT_VERSION = 5.0;
				TARGETED_DEVICE_FAMILY = "1,2";
				TEST_TARGET_NAME = CTXTutorialEngine;
			};
			name = Release;
		};
/* End XCBuildConfiguration section */

/* Begin XCConfigurationList section */
		2C16018523358A38000D0FBA /* Build configuration list for PBXProject "CTXTutorialEngine" */ = {
			isa = XCConfigurationList;
			buildConfigurations = (
				2C1601B023358A39000D0FBA /* Debug */,
				2C1601B123358A39000D0FBA /* Release */,
			);
			defaultConfigurationIsVisible = 0;
			defaultConfigurationName = Release;
		};
		2C1601B223358A39000D0FBA /* Build configuration list for PBXNativeTarget "CTXTutorialEngine" */ = {
			isa = XCConfigurationList;
			buildConfigurations = (
				2C1601B323358A39000D0FBA /* Debug */,
				2C1601B423358A39000D0FBA /* Release */,
			);
			defaultConfigurationIsVisible = 0;
			defaultConfigurationName = Release;
		};
		2C1601B523358A39000D0FBA /* Build configuration list for PBXNativeTarget "CTXTutorialEngineTests" */ = {
			isa = XCConfigurationList;
			buildConfigurations = (
				2C1601B623358A39000D0FBA /* Debug */,
				2C1601B723358A39000D0FBA /* Release */,
			);
			defaultConfigurationIsVisible = 0;
			defaultConfigurationName = Release;
		};
		2C1601B823358A39000D0FBA /* Build configuration list for PBXNativeTarget "CTXTutorialEngineUITests" */ = {
			isa = XCConfigurationList;
			buildConfigurations = (
				2C1601B923358A39000D0FBA /* Debug */,
				2C1601BA23358A39000D0FBA /* Release */,
			);
			defaultConfigurationIsVisible = 0;
			defaultConfigurationName = Release;
		};
/* End XCConfigurationList section */
	};
	rootObject = 2C16018223358A38000D0FBA /* Project object */;
}
