// !$*UTF8*$!
{
	archiveVersion = 1;
	classes = {
	};
	objectVersion = 51;
	objects = {

/* Begin PBXBuildFile section */
		2C031F53251B7A3000098EF8 /* AppDelegate.swift in Sources */ = {isa = PBXBuildFile; fileRef = 2C031F52251B7A3000098EF8 /* AppDelegate.swift */; };
		2C031F55251B7A3000098EF8 /* SceneDelegate.swift in Sources */ = {isa = PBXBuildFile; fileRef = 2C031F54251B7A3000098EF8 /* SceneDelegate.swift */; };
		2C031F5C251B7A3100098EF8 /* Assets.xcassets in Resources */ = {isa = PBXBuildFile; fileRef = 2C031F5B251B7A3100098EF8 /* Assets.xcassets */; };
		2C031F5F251B7A3100098EF8 /* LaunchScreen.storyboard in Resources */ = {isa = PBXBuildFile; fileRef = 2C031F5D251B7A3100098EF8 /* LaunchScreen.storyboard */; };
		2C031FBC251BA03900098EF8 /* CTXTutorialConfig.json in Resources */ = {isa = PBXBuildFile; fileRef = 2C031FB5251BA03900098EF8 /* CTXTutorialConfig.json */; };
		2C031FBD251BA03900098EF8 /* MyEvent.swift in Sources */ = {isa = PBXBuildFile; fileRef = 2C031FB6251BA03900098EF8 /* MyEvent.swift */; };
		2C031FBE251BA03900098EF8 /* MyEventConfig.swift in Sources */ = {isa = PBXBuildFile; fileRef = 2C031FB7251BA03900098EF8 /* MyEventConfig.swift */; };
		2C031FBF251BA03900098EF8 /* MyHintView.swift in Sources */ = {isa = PBXBuildFile; fileRef = 2C031FB8251BA03900098EF8 /* MyHintView.swift */; };
		2C031FC0251BA03900098EF8 /* MyEventConfigMetatype.swift in Sources */ = {isa = PBXBuildFile; fileRef = 2C031FB9251BA03900098EF8 /* MyEventConfigMetatype.swift */; };
		2C031FC1251BA03900098EF8 /* CollectionCell.swift in Sources */ = {isa = PBXBuildFile; fileRef = 2C031FBA251BA03900098EF8 /* CollectionCell.swift */; };
		2C031FC2251BA03900098EF8 /* ViewController.swift in Sources */ = {isa = PBXBuildFile; fileRef = 2C031FBB251BA03900098EF8 /* ViewController.swift */; };
		2E19C82674E5A1B9E5CC3170 /* Pods_SceneDelegateExample.framework in Frameworks */ = {isa = PBXBuildFile; fileRef = 629464069233D32BDF696095 /* Pods_SceneDelegateExample.framework */; };
/* End PBXBuildFile section */

/* Begin PBXFileReference section */
		2C031F4F251B7A3000098EF8 /* SceneDelegateExample.app */ = {isa = PBXFileReference; explicitFileType = wrapper.application; includeInIndex = 0; path = SceneDelegateExample.app; sourceTree = BUILT_PRODUCTS_DIR; };
		2C031F52251B7A3000098EF8 /* AppDelegate.swift */ = {isa = PBXFileReference; lastKnownFileType = sourcecode.swift; path = AppDelegate.swift; sourceTree = "<group>"; };
		2C031F54251B7A3000098EF8 /* SceneDelegate.swift */ = {isa = PBXFileReference; lastKnownFileType = sourcecode.swift; path = SceneDelegate.swift; sourceTree = "<group>"; };
		2C031F5B251B7A3100098EF8 /* Assets.xcassets */ = {isa = PBXFileReference; lastKnownFileType = folder.assetcatalog; path = Assets.xcassets; sourceTree = "<group>"; };
		2C031F5E251B7A3100098EF8 /* Base */ = {isa = PBXFileReference; lastKnownFileType = file.storyboard; name = Base; path = Base.lproj/LaunchScreen.storyboard; sourceTree = "<group>"; };
		2C031F60251B7A3100098EF8 /* Info.plist */ = {isa = PBXFileReference; lastKnownFileType = text.plist.xml; path = Info.plist; sourceTree = "<group>"; };
		2C031FB5251BA03900098EF8 /* CTXTutorialConfig.json */ = {isa = PBXFileReference; fileEncoding = 4; lastKnownFileType = text.json; path = CTXTutorialConfig.json; sourceTree = "<group>"; };
		2C031FB6251BA03900098EF8 /* MyEvent.swift */ = {isa = PBXFileReference; fileEncoding = 4; lastKnownFileType = sourcecode.swift; path = MyEvent.swift; sourceTree = "<group>"; };
		2C031FB7251BA03900098EF8 /* MyEventConfig.swift */ = {isa = PBXFileReference; fileEncoding = 4; lastKnownFileType = sourcecode.swift; path = MyEventConfig.swift; sourceTree = "<group>"; };
		2C031FB8251BA03900098EF8 /* MyHintView.swift */ = {isa = PBXFileReference; fileEncoding = 4; lastKnownFileType = sourcecode.swift; path = MyHintView.swift; sourceTree = "<group>"; };
		2C031FB9251BA03900098EF8 /* MyEventConfigMetatype.swift */ = {isa = PBXFileReference; fileEncoding = 4; lastKnownFileType = sourcecode.swift; path = MyEventConfigMetatype.swift; sourceTree = "<group>"; };
		2C031FBA251BA03900098EF8 /* CollectionCell.swift */ = {isa = PBXFileReference; fileEncoding = 4; lastKnownFileType = sourcecode.swift; path = CollectionCell.swift; sourceTree = "<group>"; };
		2C031FBB251BA03900098EF8 /* ViewController.swift */ = {isa = PBXFileReference; fileEncoding = 4; lastKnownFileType = sourcecode.swift; path = ViewController.swift; sourceTree = "<group>"; };
		629464069233D32BDF696095 /* Pods_SceneDelegateExample.framework */ = {isa = PBXFileReference; explicitFileType = wrapper.framework; includeInIndex = 0; path = Pods_SceneDelegateExample.framework; sourceTree = BUILT_PRODUCTS_DIR; };
		B794AC936B4FFF3EE5E04AA2 /* Pods-SceneDelegateExample.debug.xcconfig */ = {isa = PBXFileReference; includeInIndex = 1; lastKnownFileType = text.xcconfig; name = "Pods-SceneDelegateExample.debug.xcconfig"; path = "Target Support Files/Pods-SceneDelegateExample/Pods-SceneDelegateExample.debug.xcconfig"; sourceTree = "<group>"; };
		F265123B7043249135DBB8C1 /* Pods-SceneDelegateExample.release.xcconfig */ = {isa = PBXFileReference; includeInIndex = 1; lastKnownFileType = text.xcconfig; name = "Pods-SceneDelegateExample.release.xcconfig"; path = "Target Support Files/Pods-SceneDelegateExample/Pods-SceneDelegateExample.release.xcconfig"; sourceTree = "<group>"; };
/* End PBXFileReference section */

/* Begin PBXFrameworksBuildPhase section */
		2C031F4C251B7A3000098EF8 /* Frameworks */ = {
			isa = PBXFrameworksBuildPhase;
			buildActionMask = 2147483647;
			files = (
				2E19C82674E5A1B9E5CC3170 /* Pods_SceneDelegateExample.framework in Frameworks */,
			);
			runOnlyForDeploymentPostprocessing = 0;
		};
/* End PBXFrameworksBuildPhase section */

/* Begin PBXGroup section */
		103E153ACEC151D7847F4929 /* Pods */ = {
			isa = PBXGroup;
			children = (
				B794AC936B4FFF3EE5E04AA2 /* Pods-SceneDelegateExample.debug.xcconfig */,
				F265123B7043249135DBB8C1 /* Pods-SceneDelegateExample.release.xcconfig */,
			);
			path = Pods;
			sourceTree = "<group>";
		};
		19537FE05C6B01FF53CF5C25 /* Frameworks */ = {
			isa = PBXGroup;
			children = (
				629464069233D32BDF696095 /* Pods_SceneDelegateExample.framework */,
			);
			name = Frameworks;
			sourceTree = "<group>";
		};
		2C031F46251B7A3000098EF8 = {
			isa = PBXGroup;
			children = (
				2C031F51251B7A3000098EF8 /* SceneDelegateExample */,
				2C031F50251B7A3000098EF8 /* Products */,
				103E153ACEC151D7847F4929 /* Pods */,
				19537FE05C6B01FF53CF5C25 /* Frameworks */,
			);
			sourceTree = "<group>";
		};
		2C031F50251B7A3000098EF8 /* Products */ = {
			isa = PBXGroup;
			children = (
				2C031F4F251B7A3000098EF8 /* SceneDelegateExample.app */,
			);
			name = Products;
			sourceTree = "<group>";
		};
		2C031F51251B7A3000098EF8 /* SceneDelegateExample */ = {
			isa = PBXGroup;
			children = (
				2C031FBA251BA03900098EF8 /* CollectionCell.swift */,
				2C031FB5251BA03900098EF8 /* CTXTutorialConfig.json */,
				2C031FB6251BA03900098EF8 /* MyEvent.swift */,
				2C031FB7251BA03900098EF8 /* MyEventConfig.swift */,
				2C031FB9251BA03900098EF8 /* MyEventConfigMetatype.swift */,
				2C031FB8251BA03900098EF8 /* MyHintView.swift */,
				2C031FBB251BA03900098EF8 /* ViewController.swift */,
				2C031F52251B7A3000098EF8 /* AppDelegate.swift */,
				2C031F54251B7A3000098EF8 /* SceneDelegate.swift */,
				2C031F5B251B7A3100098EF8 /* Assets.xcassets */,
				2C031F5D251B7A3100098EF8 /* LaunchScreen.storyboard */,
				2C031F60251B7A3100098EF8 /* Info.plist */,
			);
			path = SceneDelegateExample;
			sourceTree = "<group>";
		};
/* End PBXGroup section */

/* Begin PBXNativeTarget section */
		2C031F4E251B7A3000098EF8 /* SceneDelegateExample */ = {
			isa = PBXNativeTarget;
			buildConfigurationList = 2C031F63251B7A3100098EF8 /* Build configuration list for PBXNativeTarget "SceneDelegateExample" */;
			buildPhases = (
				116F22DCEB7F62A97E7872C3 /* [CP] Check Pods Manifest.lock */,
				2C031F4B251B7A3000098EF8 /* Sources */,
				2C031F4C251B7A3000098EF8 /* Frameworks */,
				2C031F4D251B7A3000098EF8 /* Resources */,
				A044D0BEF3D38A88F035A1E9 /* [CP] Embed Pods Frameworks */,
			);
			buildRules = (
			);
			dependencies = (
			);
			name = SceneDelegateExample;
			productName = SceneDelegateExample;
			productReference = 2C031F4F251B7A3000098EF8 /* SceneDelegateExample.app */;
			productType = "com.apple.product-type.application";
		};
/* End PBXNativeTarget section */

/* Begin PBXProject section */
		2C031F47251B7A3000098EF8 /* Project object */ = {
			isa = PBXProject;
			attributes = {
				LastSwiftUpdateCheck = 1160;
				LastUpgradeCheck = 1160;
				ORGANIZATIONNAME = "Andrey Medvedev";
				TargetAttributes = {
					2C031F4E251B7A3000098EF8 = {
						CreatedOnToolsVersion = 11.6;
					};
				};
			};
			buildConfigurationList = 2C031F4A251B7A3000098EF8 /* Build configuration list for PBXProject "SceneDelegateExample" */;
			compatibilityVersion = "Xcode 9.3";
			developmentRegion = en;
			hasScannedForEncodings = 0;
			knownRegions = (
				en,
				Base,
			);
			mainGroup = 2C031F46251B7A3000098EF8;
			productRefGroup = 2C031F50251B7A3000098EF8 /* Products */;
			projectDirPath = "";
			projectRoot = "";
			targets = (
				2C031F4E251B7A3000098EF8 /* SceneDelegateExample */,
			);
		};
/* End PBXProject section */

/* Begin PBXResourcesBuildPhase section */
		2C031F4D251B7A3000098EF8 /* Resources */ = {
			isa = PBXResourcesBuildPhase;
			buildActionMask = 2147483647;
			files = (
				2C031FBC251BA03900098EF8 /* CTXTutorialConfig.json in Resources */,
				2C031F5F251B7A3100098EF8 /* LaunchScreen.storyboard in Resources */,
				2C031F5C251B7A3100098EF8 /* Assets.xcassets in Resources */,
			);
			runOnlyForDeploymentPostprocessing = 0;
		};
/* End PBXResourcesBuildPhase section */

/* Begin PBXShellScriptBuildPhase section */
		116F22DCEB7F62A97E7872C3 /* [CP] Check Pods Manifest.lock */ = {
			isa = PBXShellScriptBuildPhase;
			buildActionMask = 2147483647;
			files = (
			);
			inputFileListPaths = (
			);
			inputPaths = (
				"${PODS_PODFILE_DIR_PATH}/Podfile.lock",
				"${PODS_ROOT}/Manifest.lock",
			);
			name = "[CP] Check Pods Manifest.lock";
			outputFileListPaths = (
			);
			outputPaths = (
				"$(DERIVED_FILE_DIR)/Pods-SceneDelegateExample-checkManifestLockResult.txt",
			);
			runOnlyForDeploymentPostprocessing = 0;
			shellPath = /bin/sh;
			shellScript = "diff \"${PODS_PODFILE_DIR_PATH}/Podfile.lock\" \"${PODS_ROOT}/Manifest.lock\" > /dev/null\nif [ $? != 0 ] ; then\n    # print error to STDERR\n    echo \"error: The sandbox is not in sync with the Podfile.lock. Run 'pod install' or update your CocoaPods installation.\" >&2\n    exit 1\nfi\n# This output is used by Xcode 'outputs' to avoid re-running this script phase.\necho \"SUCCESS\" > \"${SCRIPT_OUTPUT_FILE_0}\"\n";
			showEnvVarsInLog = 0;
		};
		A044D0BEF3D38A88F035A1E9 /* [CP] Embed Pods Frameworks */ = {
			isa = PBXShellScriptBuildPhase;
			buildActionMask = 2147483647;
			files = (
			);
			inputFileListPaths = (
				"${PODS_ROOT}/Target Support Files/Pods-SceneDelegateExample/Pods-SceneDelegateExample-frameworks-${CONFIGURATION}-input-files.xcfilelist",
			);
			name = "[CP] Embed Pods Frameworks";
			outputFileListPaths = (
				"${PODS_ROOT}/Target Support Files/Pods-SceneDelegateExample/Pods-SceneDelegateExample-frameworks-${CONFIGURATION}-output-files.xcfilelist",
			);
			runOnlyForDeploymentPostprocessing = 0;
			shellPath = /bin/sh;
			shellScript = "\"${PODS_ROOT}/Target Support Files/Pods-SceneDelegateExample/Pods-SceneDelegateExample-frameworks.sh\"\n";
			showEnvVarsInLog = 0;
		};
/* End PBXShellScriptBuildPhase section */

/* Begin PBXSourcesBuildPhase section */
		2C031F4B251B7A3000098EF8 /* Sources */ = {
			isa = PBXSourcesBuildPhase;
			buildActionMask = 2147483647;
			files = (
				2C031FBE251BA03900098EF8 /* MyEventConfig.swift in Sources */,
				2C031F53251B7A3000098EF8 /* AppDelegate.swift in Sources */,
				2C031FBF251BA03900098EF8 /* MyHintView.swift in Sources */,
				2C031FBD251BA03900098EF8 /* MyEvent.swift in Sources */,
				2C031FC1251BA03900098EF8 /* CollectionCell.swift in Sources */,
				2C031F55251B7A3000098EF8 /* SceneDelegate.swift in Sources */,
				2C031FC2251BA03900098EF8 /* ViewController.swift in Sources */,
				2C031FC0251BA03900098EF8 /* MyEventConfigMetatype.swift in Sources */,
			);
			runOnlyForDeploymentPostprocessing = 0;
		};
/* End PBXSourcesBuildPhase section */

/* Begin PBXVariantGroup section */
		2C031F5D251B7A3100098EF8 /* LaunchScreen.storyboard */ = {
			isa = PBXVariantGroup;
			children = (
				2C031F5E251B7A3100098EF8 /* Base */,
			);
			name = LaunchScreen.storyboard;
			sourceTree = "<group>";
		};
/* End PBXVariantGroup section */

/* Begin XCBuildConfiguration section */
		2C031F61251B7A3100098EF8 /* Debug */ = {
			isa = XCBuildConfiguration;
			buildSettings = {
				ALWAYS_SEARCH_USER_PATHS = NO;
				CLANG_ANALYZER_NONNULL = YES;
				CLANG_ANALYZER_NUMBER_OBJECT_CONVERSION = YES_AGGRESSIVE;
				CLANG_CXX_LANGUAGE_STANDARD = "gnu++14";
				CLANG_CXX_LIBRARY = "libc++";
				CLANG_ENABLE_MODULES = YES;
				CLANG_ENABLE_OBJC_ARC = YES;
				CLANG_ENABLE_OBJC_WEAK = YES;
				CLANG_WARN_BLOCK_CAPTURE_AUTORELEASING = YES;
				CLANG_WARN_BOOL_CONVERSION = YES;
				CLANG_WARN_COMMA = YES;
				CLANG_WARN_CONSTANT_CONVERSION = YES;
				CLANG_WARN_DEPRECATED_OBJC_IMPLEMENTATIONS = YES;
				CLANG_WARN_DIRECT_OBJC_ISA_USAGE = YES_ERROR;
				CLANG_WARN_DOCUMENTATION_COMMENTS = YES;
				CLANG_WARN_EMPTY_BODY = YES;
				CLANG_WARN_ENUM_CONVERSION = YES;
				CLANG_WARN_INFINITE_RECURSION = YES;
				CLANG_WARN_INT_CONVERSION = YES;
				CLANG_WARN_NON_LITERAL_NULL_CONVERSION = YES;
				CLANG_WARN_OBJC_IMPLICIT_RETAIN_SELF = YES;
				CLANG_WARN_OBJC_LITERAL_CONVERSION = YES;
				CLANG_WARN_OBJC_ROOT_CLASS = YES_ERROR;
				CLANG_WARN_RANGE_LOOP_ANALYSIS = YES;
				CLANG_WARN_STRICT_PROTOTYPES = YES;
				CLANG_WARN_SUSPICIOUS_MOVE = YES;
				CLANG_WARN_UNGUARDED_AVAILABILITY = YES_AGGRESSIVE;
				CLANG_WARN_UNREACHABLE_CODE = YES;
				CLANG_WARN__DUPLICATE_METHOD_MATCH = YES;
				COPY_PHASE_STRIP = NO;
				DEBUG_INFORMATION_FORMAT = dwarf;
				ENABLE_STRICT_OBJC_MSGSEND = YES;
				ENABLE_TESTABILITY = YES;
				GCC_C_LANGUAGE_STANDARD = gnu11;
				GCC_DYNAMIC_NO_PIC = NO;
				GCC_NO_COMMON_BLOCKS = YES;
				GCC_OPTIMIZATION_LEVEL = 0;
				GCC_PREPROCESSOR_DEFINITIONS = (
					"DEBUG=1",
					"$(inherited)",
				);
				GCC_WARN_64_TO_32_BIT_CONVERSION = YES;
				GCC_WARN_ABOUT_RETURN_TYPE = YES_ERROR;
				GCC_WARN_UNDECLARED_SELECTOR = YES;
				GCC_WARN_UNINITIALIZED_AUTOS = YES_AGGRESSIVE;
				GCC_WARN_UNUSED_FUNCTION = YES;
				GCC_WARN_UNUSED_VARIABLE = YES;
				IPHONEOS_DEPLOYMENT_TARGET = 13.6;
				MTL_ENABLE_DEBUG_INFO = INCLUDE_SOURCE;
				MTL_FAST_MATH = YES;
				ONLY_ACTIVE_ARCH = YES;
				SDKROOT = iphoneos;
				SWIFT_ACTIVE_COMPILATION_CONDITIONS = DEBUG;
				SWIFT_OPTIMIZATION_LEVEL = "-Onone";
			};
			name = Debug;
		};
		2C031F62251B7A3100098EF8 /* Release */ = {
			isa = XCBuildConfiguration;
			buildSettings = {
				ALWAYS_SEARCH_USER_PATHS = NO;
				CLANG_ANALYZER_NONNULL = YES;
				CLANG_ANALYZER_NUMBER_OBJECT_CONVERSION = YES_AGGRESSIVE;
				CLANG_CXX_LANGUAGE_STANDARD = "gnu++14";
				CLANG_CXX_LIBRARY = "libc++";
				CLANG_ENABLE_MODULES = YES;
				CLANG_ENABLE_OBJC_ARC = YES;
				CLANG_ENABLE_OBJC_WEAK = YES;
				CLANG_WARN_BLOCK_CAPTURE_AUTORELEASING = YES;
				CLANG_WARN_BOOL_CONVERSION = YES;
				CLANG_WARN_COMMA = YES;
				CLANG_WARN_CONSTANT_CONVERSION = YES;
				CLANG_WARN_DEPRECATED_OBJC_IMPLEMENTATIONS = YES;
				CLANG_WARN_DIRECT_OBJC_ISA_USAGE = YES_ERROR;
				CLANG_WARN_DOCUMENTATION_COMMENTS = YES;
				CLANG_WARN_EMPTY_BODY = YES;
				CLANG_WARN_ENUM_CONVERSION = YES;
				CLANG_WARN_INFINITE_RECURSION = YES;
				CLANG_WARN_INT_CONVERSION = YES;
				CLANG_WARN_NON_LITERAL_NULL_CONVERSION = YES;
				CLANG_WARN_OBJC_IMPLICIT_RETAIN_SELF = YES;
				CLANG_WARN_OBJC_LITERAL_CONVERSION = YES;
				CLANG_WARN_OBJC_ROOT_CLASS = YES_ERROR;
				CLANG_WARN_RANGE_LOOP_ANALYSIS = YES;
				CLANG_WARN_STRICT_PROTOTYPES = YES;
				CLANG_WARN_SUSPICIOUS_MOVE = YES;
				CLANG_WARN_UNGUARDED_AVAILABILITY = YES_AGGRESSIVE;
				CLANG_WARN_UNREACHABLE_CODE = YES;
				CLANG_WARN__DUPLICATE_METHOD_MATCH = YES;
				COPY_PHASE_STRIP = NO;
				DEBUG_INFORMATION_FORMAT = "dwarf-with-dsym";
				ENABLE_NS_ASSERTIONS = NO;
				ENABLE_STRICT_OBJC_MSGSEND = YES;
				GCC_C_LANGUAGE_STANDARD = gnu11;
				GCC_NO_COMMON_BLOCKS = YES;
				GCC_WARN_64_TO_32_BIT_CONVERSION = YES;
				GCC_WARN_ABOUT_RETURN_TYPE = YES_ERROR;
				GCC_WARN_UNDECLARED_SELECTOR = YES;
				GCC_WARN_UNINITIALIZED_AUTOS = YES_AGGRESSIVE;
				GCC_WARN_UNUSED_FUNCTION = YES;
				GCC_WARN_UNUSED_VARIABLE = YES;
				IPHONEOS_DEPLOYMENT_TARGET = 13.6;
				MTL_ENABLE_DEBUG_INFO = NO;
				MTL_FAST_MATH = YES;
				SDKROOT = iphoneos;
				SWIFT_COMPILATION_MODE = wholemodule;
				SWIFT_OPTIMIZATION_LEVEL = "-O";
				VALIDATE_PRODUCT = YES;
			};
			name = Release;
		};
		2C031F64251B7A3100098EF8 /* Debug */ = {
			isa = XCBuildConfiguration;
			baseConfigurationReference = B794AC936B4FFF3EE5E04AA2 /* Pods-SceneDelegateExample.debug.xcconfig */;
			buildSettings = {
				ASSETCATALOG_COMPILER_APPICON_NAME = AppIcon;
				CODE_SIGN_STYLE = Automatic;
				INFOPLIST_FILE = SceneDelegateExample/Info.plist;
				LD_RUNPATH_SEARCH_PATHS = (
					"$(inherited)",
					"@executable_path/Frameworks",
				);
				PRODUCT_BUNDLE_IDENTIFIER = medvedev.andrey.SceneDelegateExample;
				PRODUCT_NAME = "$(TARGET_NAME)";
				SWIFT_VERSION = 5.0;
				TARGETED_DEVICE_FAMILY = "1,2";
			};
			name = Debug;
		};
		2C031F65251B7A3100098EF8 /* Release */ = {
			isa = XCBuildConfiguration;
			baseConfigurationReference = F265123B7043249135DBB8C1 /* Pods-SceneDelegateExample.release.xcconfig */;
			buildSettings = {
				ASSETCATALOG_COMPILER_APPICON_NAME = AppIcon;
				CODE_SIGN_STYLE = Automatic;
				INFOPLIST_FILE = SceneDelegateExample/Info.plist;
				LD_RUNPATH_SEARCH_PATHS = (
					"$(inherited)",
					"@executable_path/Frameworks",
				);
				PRODUCT_BUNDLE_IDENTIFIER = medvedev.andrey.SceneDelegateExample;
				PRODUCT_NAME = "$(TARGET_NAME)";
				SWIFT_VERSION = 5.0;
				TARGETED_DEVICE_FAMILY = "1,2";
			};
			name = Release;
		};
/* End XCBuildConfiguration section */

/* Begin XCConfigurationList section */
		2C031F4A251B7A3000098EF8 /* Build configuration list for PBXProject "SceneDelegateExample" */ = {
			isa = XCConfigurationList;
			buildConfigurations = (
				2C031F61251B7A3100098EF8 /* Debug */,
				2C031F62251B7A3100098EF8 /* Release */,
			);
			defaultConfigurationIsVisible = 0;
			defaultConfigurationName = Release;
		};
		2C031F63251B7A3100098EF8 /* Build configuration list for PBXNativeTarget "SceneDelegateExample" */ = {
			isa = XCConfigurationList;
			buildConfigurations = (
				2C031F64251B7A3100098EF8 /* Debug */,
				2C031F65251B7A3100098EF8 /* Release */,
			);
			defaultConfigurationIsVisible = 0;
			defaultConfigurationName = Release;
		};
/* End XCConfigurationList section */
	};
	rootObject = 2C031F47251B7A3000098EF8 /* Project object */;
}
